// !$*UTF8*$!
{
	archiveVersion = 1;
	classes = {
	};
	objectVersion = 48;
	objects = {

/* Begin PBXBuildFile section */
		80DB3F6E1F02605F00922523 /* AppDelegate.swift in Sources */ = {isa = PBXBuildFile; fileRef = 80DB3F6D1F02605F00922523 /* AppDelegate.swift */; };
		80DB3F701F02605F00922523 /* ViewController.swift in Sources */ = {isa = PBXBuildFile; fileRef = 80DB3F6F1F02605F00922523 /* ViewController.swift */; };
		80DB3F731F02605F00922523 /* Main.storyboard in Resources */ = {isa = PBXBuildFile; fileRef = 80DB3F711F02605F00922523 /* Main.storyboard */; };
		80DB3F751F02605F00922523 /* Assets.xcassets in Resources */ = {isa = PBXBuildFile; fileRef = 80DB3F741F02605F00922523 /* Assets.xcassets */; };
		80DB3F781F02605F00922523 /* LaunchScreen.storyboard in Resources */ = {isa = PBXBuildFile; fileRef = 80DB3F761F02605F00922523 /* LaunchScreen.storyboard */; };
/* End PBXBuildFile section */

/* Begin PBXFileReference section */
		80DB3F6A1F02605F00922523 /* CGImageSource.app */ = {isa = PBXFileReference; explicitFileType = wrapper.application; includeInIndex = 0; path = CGImageSource.app; sourceTree = BUILT_PRODUCTS_DIR; };
		80DB3F6D1F02605F00922523 /* AppDelegate.swift */ = {isa = PBXFileReference; lastKnownFileType = sourcecode.swift; path = AppDelegate.swift; sourceTree = "<group>"; };
		80DB3F6F1F02605F00922523 /* ViewController.swift */ = {isa = PBXFileReference; lastKnownFileType = sourcecode.swift; path = ViewController.swift; sourceTree = "<group>"; };
		80DB3F721F02605F00922523 /* Base */ = {isa = PBXFileReference; lastKnownFileType = file.storyboard; name = Base; path = Base.lproj/Main.storyboard; sourceTree = "<group>"; };
		80DB3F741F02605F00922523 /* Assets.xcassets */ = {isa = PBXFileReference; lastKnownFileType = folder.assetcatalog; path = Assets.xcassets; sourceTree = "<group>"; };
		80DB3F771F02605F00922523 /* Base */ = {isa = PBXFileReference; lastKnownFileType = file.storyboard; name = Base; path = Base.lproj/LaunchScreen.storyboard; sourceTree = "<group>"; };
		80DB3F791F02605F00922523 /* Info.plist */ = {isa = PBXFileReference; lastKnownFileType = text.plist.xml; path = Info.plist; sourceTree = "<group>"; };
/* End PBXFileReference section */

/* Begin PBXFrameworksBuildPhase section */
		80DB3F671F02605F00922523 /* Frameworks */ = {
			isa = PBXFrameworksBuildPhase;
			buildActionMask = 2147483647;
			files = (
			);
			runOnlyForDeploymentPostprocessing = 0;
		};
/* End PBXFrameworksBuildPhase section */

/* Begin PBXGroup section */
		80DB3F611F02605F00922523 = {
			isa = PBXGroup;
			children = (
				80DB3F6C1F02605F00922523 /* CGImageSource */,
				80DB3F6B1F02605F00922523 /* Products */,
			);
			sourceTree = "<group>";
		};
		80DB3F6B1F02605F00922523 /* Products */ = {
			isa = PBXGroup;
			children = (
				80DB3F6A1F02605F00922523 /* CGImageSource.app */,
			);
			name = Products;
			sourceTree = "<group>";
		};
		80DB3F6C1F02605F00922523 /* CGImageSource */ = {
			isa = PBXGroup;
			children = (
				80DB3F6D1F02605F00922523 /* AppDelegate.swift */,
				80DB3F6F1F02605F00922523 /* ViewController.swift */,
				80DB3F711F02605F00922523 /* Main.storyboard */,
				80DB3F741F02605F00922523 /* Assets.xcassets */,
				80DB3F761F02605F00922523 /* LaunchScreen.storyboard */,
				80DB3F791F02605F00922523 /* Info.plist */,
			);
			path = CGImageSource;
			sourceTree = "<group>";
		};
/* End PBXGroup section */

/* Begin PBXNativeTarget section */
		80DB3F691F02605F00922523 /* CGImageSource */ = {
			isa = PBXNativeTarget;
			buildConfigurationList = 80DB3F7C1F02605F00922523 /* Build configuration list for PBXNativeTarget "CGImageSource" */;
			buildPhases = (
				80DB3F661F02605F00922523 /* Sources */,
				80DB3F671F02605F00922523 /* Frameworks */,
				80DB3F681F02605F00922523 /* Resources */,
			);
			buildRules = (
			);
			dependencies = (
			);
			name = CGImageSource;
			productName = CGImageSource;
			productReference = 80DB3F6A1F02605F00922523 /* CGImageSource.app */;
			productType = "com.apple.product-type.application";
		};
/* End PBXNativeTarget section */

/* Begin PBXProject section */
		80DB3F621F02605F00922523 /* Project object */ = {
			isa = PBXProject;
			attributes = {
				LastSwiftUpdateCheck = 0900;
				LastUpgradeCheck = 0900;
				ORGANIZATIONNAME = CXY;
				TargetAttributes = {
					80DB3F691F02605F00922523 = {
						CreatedOnToolsVersion = 9.0;
					};
				};
			};
			buildConfigurationList = 80DB3F651F02605F00922523 /* Build configuration list for PBXProject "CGImageSource" */;
			compatibilityVersion = "Xcode 8.0";
			developmentRegion = en;
			hasScannedForEncodings = 0;
			knownRegions = (
				en,
				Base,
			);
			mainGroup = 80DB3F611F02605F00922523;
			productRefGroup = 80DB3F6B1F02605F00922523 /* Products */;
			projectDirPath = "";
			projectRoot = "";
			targets = (
				80DB3F691F02605F00922523 /* CGImageSource */,
			);
		};
/* End PBXProject section */

/* Begin PBXResourcesBuildPhase section */
		80DB3F681F02605F00922523 /* Resources */ = {
			isa = PBXResourcesBuildPhase;
			buildActionMask = 2147483647;
			files = (
				80DB3F781F02605F00922523 /* LaunchScreen.storyboard in Resources */,
				80DB3F751F02605F00922523 /* Assets.xcassets in Resources */,
				80DB3F731F02605F00922523 /* Main.storyboard in Resources */,
			);
			runOnlyForDeploymentPostprocessing = 0;
		};
/* End PBXResourcesBuildPhase section */

/* Begin PBXSourcesBuildPhase section */
		80DB3F661F02605F00922523 /* Sources */ = {
			isa = PBXSourcesBuildPhase;
			buildActionMask = 2147483647;
			files = (
				80DB3F701F02605F00922523 /* ViewController.swift in Sources */,
				80DB3F6E1F02605F00922523 /* AppDelegate.swift in Sources */,
			);
			runOnlyForDeploymentPostprocessing = 0;
		};
/* End PBXSourcesBuildPhase section */

/* Begin PBXVariantGroup section */
		80DB3F711F02605F00922523 /* Main.storyboard */ = {
			isa = PBXVariantGroup;
			children = (
				80DB3F721F02605F00922523 /* Base */,
			);
			name = Main.storyboard;
			sourceTree = "<group>";
		};
		80DB3F761F02605F00922523 /* LaunchScreen.storyboard */ = {
			isa = PBXVariantGroup;
			children = (
				80DB3F771F02605F00922523 /* Base */,
			);
			name = LaunchScreen.storyboard;
			sourceTree = "<group>";
		};
/* End PBXVariantGroup section */

/* Begin XCBuildConfiguration section */
		80DB3F7A1F02605F00922523 /* Debug */ = {
			isa = XCBuildConfiguration;
			buildSettings = {
				ALWAYS_SEARCH_USER_PATHS = NO;
				CLANG_ANALYZER_NONNULL = YES;
				CLANG_ANALYZER_NUMBER_OBJECT_CONVERSION = YES_AGGRESSIVE;
				CLANG_CXX_LANGUAGE_STANDARD = "gnu++14";
				CLANG_CXX_LIBRARY = "libc++";
				CLANG_ENABLE_MODULES = YES;
				CLANG_ENABLE_OBJC_ARC = YES;
				CLANG_WARN_BLOCK_CAPTURE_AUTORELEASING = YES;
				CLANG_WARN_BOOL_CONVERSION = YES;
				CLANG_WARN_COMMA = YES;
				CLANG_WARN_CONSTANT_CONVERSION = YES;
				CLANG_WARN_DIRECT_OBJC_ISA_USAGE = YES_ERROR;
				CLANG_WARN_DOCUMENTATION_COMMENTS = YES;
				CLANG_WARN_EMPTY_BODY = YES;
				CLANG_WARN_ENUM_CONVERSION = YES;
				CLANG_WARN_INFINITE_RECURSION = YES;
				CLANG_WARN_INT_CONVERSION = YES;
				CLANG_WARN_OBJC_ROOT_CLASS = YES_ERROR;
				CLANG_WARN_RANGE_LOOP_ANALYSIS = YES;
				CLANG_WARN_STRICT_PROTOTYPES = YES;
				CLANG_WARN_SUSPICIOUS_MOVE = YES;
				CLANG_WARN_UNGUARDED_AVAILABILITY = YES_AGGRESSIVE;
				CLANG_WARN_UNREACHABLE_CODE = YES;
				CLANG_WARN__DUPLICATE_METHOD_MATCH = YES;
				CODE_SIGN_IDENTITY = "iPhone Developer";
				COPY_PHASE_STRIP = NO;
				DEBUG_INFORMATION_FORMAT = dwarf;
				ENABLE_STRICT_OBJC_MSGSEND = YES;
				ENABLE_TESTABILITY = YES;
				GCC_C_LANGUAGE_STANDARD = gnu11;
				GCC_DYNAMIC_NO_PIC = NO;
				GCC_NO_COMMON_BLOCKS = YES;
				GCC_OPTIMIZATION_LEVEL = 0;
				GCC_PREPROCESSOR_DEFINITIONS = (
					"DEBUG=1",
					"$(inherited)",
				);
				GCC_WARN_64_TO_32_BIT_CONVERSION = YES;
				GCC_WARN_ABOUT_RETURN_TYPE = YES_ERROR;
				GCC_WARN_UNDECLARED_SELECTOR = YES;
				GCC_WARN_UNINITIALIZED_AUTOS = YES_AGGRESSIVE;
				GCC_WARN_UNUSED_FUNCTION = YES;
				GCC_WARN_UNUSED_VARIABLE = YES;
				IPHONEOS_DEPLOYMENT_TARGET = 11.0;
				MTL_ENABLE_DEBUG_INFO = YES;
				ONLY_ACTIVE_ARCH = YES;
				SDKROOT = iphoneos;
				SWIFT_ACTIVE_COMPILATION_CONDITIONS = DEBUG;
				SWIFT_OPTIMIZATION_LEVEL = "-Onone";
			};
			name = Debug;
		};
		80DB3F7B1F02605F00922523 /* Release */ = {
			isa = XCBuildConfiguration;
			buildSettings = {
				ALWAYS_SEARCH_USER_PATHS = NO;
				CLANG_ANALYZER_NONNULL = YES;
				CLANG_ANALYZER_NUMBER_OBJECT_CONVERSION = YES_AGGRESSIVE;
				CLANG_CXX_LANGUAGE_STANDARD = "gnu++14";
				CLANG_CXX_LIBRARY = "libc++";
				CLANG_ENABLE_MODULES = YES;
				CLANG_ENABLE_OBJC_ARC = YES;
				CLANG_WARN_BLOCK_CAPTURE_AUTORELEASING = YES;
				CLANG_WARN_BOOL_CONVERSION = YES;
				CLANG_WARN_COMMA = YES;
				CLANG_WARN_CONSTANT_CONVERSION = YES;
				CLANG_WARN_DIRECT_OBJC_ISA_USAGE = YES_ERROR;
				CLANG_WARN_DOCUMENTATION_COMMENTS = YES;
				CLANG_WARN_EMPTY_BODY = YES;
				CLANG_WARN_ENUM_CONVERSION = YES;
				CLANG_WARN_INFINITE_RECURSION = YES;
				CLANG_WARN_INT_CONVERSION = YES;
				CLANG_WARN_OBJC_ROOT_CLASS = YES_ERROR;
				CLANG_WARN_RANGE_LOOP_ANALYSIS = YES;
				CLANG_WARN_STRICT_PROTOTYPES = YES;
				CLANG_WARN_SUSPICIOUS_MOVE = YES;
				CLANG_WARN_UNGUARDED_AVAILABILITY = YES_AGGRESSIVE;
				CLANG_WARN_UNREACHABLE_CODE = YES;
				CLANG_WARN__DUPLICATE_METHOD_MATCH = YES;
				CODE_SIGN_IDENTITY = "iPhone Developer";
				COPY_PHASE_STRIP = NO;
				DEBUG_INFORMATION_FORMAT = "dwarf-with-dsym";
				ENABLE_NS_ASSERTIONS = NO;
				ENABLE_STRICT_OBJC_MSGSEND = YES;
				GCC_C_LANGUAGE_STANDARD = gnu11;
				GCC_NO_COMMON_BLOCKS = YES;
				GCC_WARN_64_TO_32_BIT_CONVERSION = YES;
				GCC_WARN_ABOUT_RETURN_TYPE = YES_ERROR;
				GCC_WARN_UNDECLARED_SELECTOR = YES;
				GCC_WARN_UNINITIALIZED_AUTOS = YES_AGGRESSIVE;
				GCC_WARN_UNUSED_FUNCTION = YES;
				GCC_WARN_UNUSED_VARIABLE = YES;
				IPHONEOS_DEPLOYMENT_TARGET = 11.0;
				MTL_ENABLE_DEBUG_INFO = NO;
				SDKROOT = iphoneos;
				SWIFT_OPTIMIZATION_LEVEL = "-Owholemodule";
				VALIDATE_PRODUCT = YES;
			};
			name = Release;
		};
		80DB3F7D1F02605F00922523 /* Debug */ = {
			isa = XCBuildConfiguration;
			buildSettings = {
				ASSETCATALOG_COMPILER_APPICON_NAME = AppIcon;
				DEVELOPMENT_TEAM = VR2SEUVSU3;
				INFOPLIST_FILE = CGImageSource/Info.plist;
				IPHONEOS_DEPLOYMENT_TARGET = 8.0;
				LD_RUNPATH_SEARCH_PATHS = "$(inherited) @executable_path/Frameworks";
				PRODUCT_BUNDLE_IDENTIFIER = com.cxy.CGImageSource;
				PRODUCT_NAME = "$(TARGET_NAME)";
				SWIFT_VERSION = 4.0;
				TARGETED_DEVICE_FAMILY = "1,2";
			};
			name = Debug;
		};
		80DB3F7E1F02605F00922523 /* Release */ = {
			isa = XCBuildConfiguration;
			buildSettings = {
				ASSETCATALOG_COMPILER_APPICON_NAME = AppIcon;
				DEVELOPMENT_TEAM = VR2SEUVSU3;
				INFOPLIST_FILE = CGImageSource/Info.plist;
				IPHONEOS_DEPLOYMENT_TARGET = 8.0;
				LD_RUNPATH_SEARCH_PATHS = "$(inherited) @executable_path/Frameworks";
				PRODUCT_BUNDLE_IDENTIFIER = com.cxy.CGImageSource;
				PRODUCT_NAME = "$(TARGET_NAME)";
				SWIFT_VERSION = 4.0;
				TARGETED_DEVICE_FAMILY = "1,2";
			};
			name = Release;
		};
/* End XCBuildConfiguration section */

/* Begin XCConfigurationList section */
		80DB3F651F02605F00922523 /* Build configuration list for PBXProject "CGImageSource" */ = {
			isa = XCConfigurationList;
			buildConfigurations = (
				80DB3F7A1F02605F00922523 /* Debug */,
				80DB3F7B1F02605F00922523 /* Release */,
			);
			defaultConfigurationIsVisible = 0;
			defaultConfigurationName = Release;
		};
		80DB3F7C1F02605F00922523 /* Build configuration list for PBXNativeTarget "CGImageSource" */ = {
			isa = XCConfigurationList;
			buildConfigurations = (
				80DB3F7D1F02605F00922523 /* Debug */,
				80DB3F7E1F02605F00922523 /* Release */,
			);
			defaultConfigurationIsVisible = 0;
			defaultConfigurationName = Release;
		};
/* End XCConfigurationList section */
	};
	rootObject = 80DB3F621F02605F00922523 /* Project object */;
}
