// !$*UTF8*$!
{
	archiveVersion = 1;
	classes = {
	};
	objectVersion = 46;
	objects = {

/* Begin PBXBuildFile section */
		80D8F0791D2377A2008EA83B /* AppDelegate.m in Sources */ = {isa = PBXBuildFile; fileRef = 80D8F0781D2377A2008EA83B /* AppDelegate.m */; };
		80D8F07C1D2377A2008EA83B /* main.m in Sources */ = {isa = PBXBuildFile; fileRef = 80D8F07B1D2377A2008EA83B /* main.m */; };
		80D8F07F1D2377A2008EA83B /* ViewController.m in Sources */ = {isa = PBXBuildFile; fileRef = 80D8F07E1D2377A2008EA83B /* ViewController.m */; };
		80D8F0811D2377A2008EA83B /* Assets.xcassets in Resources */ = {isa = PBXBuildFile; fileRef = 80D8F0801D2377A2008EA83B /* Assets.xcassets */; };
		80D8F0841D2377A2008EA83B /* Main.storyboard in Resources */ = {isa = PBXBuildFile; fileRef = 80D8F0821D2377A2008EA83B /* Main.storyboard */; };
		80D8F0971D2377D2008EA83B /* GCDAsyncSocket.m in Sources */ = {isa = PBXBuildFile; fileRef = 80D8F08E1D2377D2008EA83B /* GCDAsyncSocket.m */; };
		80D8F0981D2377D2008EA83B /* GCDAsyncUdpSocket.m in Sources */ = {isa = PBXBuildFile; fileRef = 80D8F0901D2377D2008EA83B /* GCDAsyncUdpSocket.m */; };
		80D8F0991D2377D2008EA83B /* README.markdown in Sources */ = {isa = PBXBuildFile; fileRef = 80D8F0911D2377D2008EA83B /* README.markdown */; };
		80D8F09A1D2377D2008EA83B /* AsyncSocket.m in Sources */ = {isa = PBXBuildFile; fileRef = 80D8F0941D2377D2008EA83B /* AsyncSocket.m */; };
		80D8F09B1D2377D2008EA83B /* AsyncUdpSocket.m in Sources */ = {isa = PBXBuildFile; fileRef = 80D8F0961D2377D2008EA83B /* AsyncUdpSocket.m */; };
/* End PBXBuildFile section */

/* Begin PBXFileReference section */
		80D8F0741D2377A2008EA83B /* GCDAsyncSocketDemo.app */ = {isa = PBXFileReference; explicitFileType = wrapper.application; includeInIndex = 0; path = GCDAsyncSocketDemo.app; sourceTree = BUILT_PRODUCTS_DIR; };
		80D8F0771D2377A2008EA83B /* AppDelegate.h */ = {isa = PBXFileReference; lastKnownFileType = sourcecode.c.h; path = AppDelegate.h; sourceTree = "<group>"; };
		80D8F0781D2377A2008EA83B /* AppDelegate.m */ = {isa = PBXFileReference; lastKnownFileType = sourcecode.c.objc; path = AppDelegate.m; sourceTree = "<group>"; };
		80D8F07B1D2377A2008EA83B /* main.m */ = {isa = PBXFileReference; lastKnownFileType = sourcecode.c.objc; path = main.m; sourceTree = "<group>"; };
		80D8F07D1D2377A2008EA83B /* ViewController.h */ = {isa = PBXFileReference; lastKnownFileType = sourcecode.c.h; path = ViewController.h; sourceTree = "<group>"; };
		80D8F07E1D2377A2008EA83B /* ViewController.m */ = {isa = PBXFileReference; lastKnownFileType = sourcecode.c.objc; path = ViewController.m; sourceTree = "<group>"; };
		80D8F0801D2377A2008EA83B /* Assets.xcassets */ = {isa = PBXFileReference; lastKnownFileType = folder.assetcatalog; path = Assets.xcassets; sourceTree = "<group>"; };
		80D8F0831D2377A2008EA83B /* Base */ = {isa = PBXFileReference; lastKnownFileType = file.storyboard; name = Base; path = Base.lproj/Main.storyboard; sourceTree = "<group>"; };
		80D8F0851D2377A2008EA83B /* Info.plist */ = {isa = PBXFileReference; lastKnownFileType = text.plist.xml; path = Info.plist; sourceTree = "<group>"; };
		80D8F08D1D2377D2008EA83B /* GCDAsyncSocket.h */ = {isa = PBXFileReference; fileEncoding = 4; lastKnownFileType = sourcecode.c.h; path = GCDAsyncSocket.h; sourceTree = "<group>"; };
		80D8F08E1D2377D2008EA83B /* GCDAsyncSocket.m */ = {isa = PBXFileReference; fileEncoding = 4; lastKnownFileType = sourcecode.c.objc; path = GCDAsyncSocket.m; sourceTree = "<group>"; };
		80D8F08F1D2377D2008EA83B /* GCDAsyncUdpSocket.h */ = {isa = PBXFileReference; fileEncoding = 4; lastKnownFileType = sourcecode.c.h; path = GCDAsyncUdpSocket.h; sourceTree = "<group>"; };
		80D8F0901D2377D2008EA83B /* GCDAsyncUdpSocket.m */ = {isa = PBXFileReference; fileEncoding = 4; lastKnownFileType = sourcecode.c.objc; path = GCDAsyncUdpSocket.m; sourceTree = "<group>"; };
		80D8F0911D2377D2008EA83B /* README.markdown */ = {isa = PBXFileReference; fileEncoding = 4; lastKnownFileType = net.daringfireball.markdown; path = README.markdown; sourceTree = "<group>"; };
		80D8F0931D2377D2008EA83B /* AsyncSocket.h */ = {isa = PBXFileReference; fileEncoding = 4; lastKnownFileType = sourcecode.c.h; path = AsyncSocket.h; sourceTree = "<group>"; };
		80D8F0941D2377D2008EA83B /* AsyncSocket.m */ = {isa = PBXFileReference; fileEncoding = 4; lastKnownFileType = sourcecode.c.objc; path = AsyncSocket.m; sourceTree = "<group>"; };
		80D8F0951D2377D2008EA83B /* AsyncUdpSocket.h */ = {isa = PBXFileReference; fileEncoding = 4; lastKnownFileType = sourcecode.c.h; path = AsyncUdpSocket.h; sourceTree = "<group>"; };
		80D8F0961D2377D2008EA83B /* AsyncUdpSocket.m */ = {isa = PBXFileReference; fileEncoding = 4; lastKnownFileType = sourcecode.c.objc; path = AsyncUdpSocket.m; sourceTree = "<group>"; };
/* End PBXFileReference section */

/* Begin PBXFrameworksBuildPhase section */
		80D8F0711D2377A2008EA83B /* Frameworks */ = {
			isa = PBXFrameworksBuildPhase;
			buildActionMask = 2147483647;
			files = (
			);
			runOnlyForDeploymentPostprocessing = 0;
		};
/* End PBXFrameworksBuildPhase section */

/* Begin PBXGroup section */
		80D8F06B1D2377A2008EA83B = {
			isa = PBXGroup;
			children = (
				80D8F0761D2377A2008EA83B /* GCDAsyncSocketDemo */,
				80D8F0751D2377A2008EA83B /* Products */,
			);
			sourceTree = "<group>";
		};
		80D8F0751D2377A2008EA83B /* Products */ = {
			isa = PBXGroup;
			children = (
				80D8F0741D2377A2008EA83B /* GCDAsyncSocketDemo.app */,
			);
			name = Products;
			sourceTree = "<group>";
		};
		80D8F0761D2377A2008EA83B /* GCDAsyncSocketDemo */ = {
			isa = PBXGroup;
			children = (
				80D8F08B1D2377D2008EA83B /* CocoaAsyncSocket */,
				80D8F0771D2377A2008EA83B /* AppDelegate.h */,
				80D8F0781D2377A2008EA83B /* AppDelegate.m */,
				80D8F07D1D2377A2008EA83B /* ViewController.h */,
				80D8F07E1D2377A2008EA83B /* ViewController.m */,
				80D8F0801D2377A2008EA83B /* Assets.xcassets */,
				80D8F0821D2377A2008EA83B /* Main.storyboard */,
				80D8F0851D2377A2008EA83B /* Info.plist */,
				80D8F07A1D2377A2008EA83B /* Supporting Files */,
			);
			path = GCDAsyncSocketDemo;
			sourceTree = "<group>";
		};
		80D8F07A1D2377A2008EA83B /* Supporting Files */ = {
			isa = PBXGroup;
			children = (
				80D8F07B1D2377A2008EA83B /* main.m */,
			);
			name = "Supporting Files";
			sourceTree = "<group>";
		};
		80D8F08B1D2377D2008EA83B /* CocoaAsyncSocket */ = {
			isa = PBXGroup;
			children = (
				80D8F08C1D2377D2008EA83B /* GCD */,
				80D8F0911D2377D2008EA83B /* README.markdown */,
				80D8F0921D2377D2008EA83B /* RunLoop */,
			);
			path = CocoaAsyncSocket;
			sourceTree = "<group>";
		};
		80D8F08C1D2377D2008EA83B /* GCD */ = {
			isa = PBXGroup;
			children = (
				80D8F08D1D2377D2008EA83B /* GCDAsyncSocket.h */,
				80D8F08E1D2377D2008EA83B /* GCDAsyncSocket.m */,
				80D8F08F1D2377D2008EA83B /* GCDAsyncUdpSocket.h */,
				80D8F0901D2377D2008EA83B /* GCDAsyncUdpSocket.m */,
			);
			path = GCD;
			sourceTree = "<group>";
		};
		80D8F0921D2377D2008EA83B /* RunLoop */ = {
			isa = PBXGroup;
			children = (
				80D8F0931D2377D2008EA83B /* AsyncSocket.h */,
				80D8F0941D2377D2008EA83B /* AsyncSocket.m */,
				80D8F0951D2377D2008EA83B /* AsyncUdpSocket.h */,
				80D8F0961D2377D2008EA83B /* AsyncUdpSocket.m */,
			);
			path = RunLoop;
			sourceTree = "<group>";
		};
/* End PBXGroup section */

/* Begin PBXNativeTarget section */
		80D8F0731D2377A2008EA83B /* GCDAsyncSocketDemo */ = {
			isa = PBXNativeTarget;
			buildConfigurationList = 80D8F0881D2377A2008EA83B /* Build configuration list for PBXNativeTarget "GCDAsyncSocketDemo" */;
			buildPhases = (
				80D8F0701D2377A2008EA83B /* Sources */,
				80D8F0711D2377A2008EA83B /* Frameworks */,
				80D8F0721D2377A2008EA83B /* Resources */,
			);
			buildRules = (
			);
			dependencies = (
			);
			name = GCDAsyncSocketDemo;
			productName = GCDAsyncSocketDemo;
			productReference = 80D8F0741D2377A2008EA83B /* GCDAsyncSocketDemo.app */;
			productType = "com.apple.product-type.application";
		};
/* End PBXNativeTarget section */

/* Begin PBXProject section */
		80D8F06C1D2377A2008EA83B /* Project object */ = {
			isa = PBXProject;
			attributes = {
				LastUpgradeCheck = 0730;
				ORGANIZATIONNAME = chan;
				TargetAttributes = {
					80D8F0731D2377A2008EA83B = {
						CreatedOnToolsVersion = 7.3;
					};
				};
			};
			buildConfigurationList = 80D8F06F1D2377A2008EA83B /* Build configuration list for PBXProject "GCDAsyncSocketDemo" */;
			compatibilityVersion = "Xcode 3.2";
			developmentRegion = English;
			hasScannedForEncodings = 0;
			knownRegions = (
				en,
				Base,
			);
			mainGroup = 80D8F06B1D2377A2008EA83B;
			productRefGroup = 80D8F0751D2377A2008EA83B /* Products */;
			projectDirPath = "";
			projectRoot = "";
			targets = (
				80D8F0731D2377A2008EA83B /* GCDAsyncSocketDemo */,
			);
		};
/* End PBXProject section */

/* Begin PBXResourcesBuildPhase section */
		80D8F0721D2377A2008EA83B /* Resources */ = {
			isa = PBXResourcesBuildPhase;
			buildActionMask = 2147483647;
			files = (
				80D8F0811D2377A2008EA83B /* Assets.xcassets in Resources */,
				80D8F0841D2377A2008EA83B /* Main.storyboard in Resources */,
			);
			runOnlyForDeploymentPostprocessing = 0;
		};
/* End PBXResourcesBuildPhase section */

/* Begin PBXSourcesBuildPhase section */
		80D8F0701D2377A2008EA83B /* Sources */ = {
			isa = PBXSourcesBuildPhase;
			buildActionMask = 2147483647;
			files = (
				80D8F0971D2377D2008EA83B /* GCDAsyncSocket.m in Sources */,
				80D8F0981D2377D2008EA83B /* GCDAsyncUdpSocket.m in Sources */,
				80D8F0991D2377D2008EA83B /* README.markdown in Sources */,
				80D8F09B1D2377D2008EA83B /* AsyncUdpSocket.m in Sources */,
				80D8F07F1D2377A2008EA83B /* ViewController.m in Sources */,
				80D8F07C1D2377A2008EA83B /* main.m in Sources */,
				80D8F0791D2377A2008EA83B /* AppDelegate.m in Sources */,
				80D8F09A1D2377D2008EA83B /* AsyncSocket.m in Sources */,
			);
			runOnlyForDeploymentPostprocessing = 0;
		};
/* End PBXSourcesBuildPhase section */

/* Begin PBXVariantGroup section */
		80D8F0821D2377A2008EA83B /* Main.storyboard */ = {
			isa = PBXVariantGroup;
			children = (
				80D8F0831D2377A2008EA83B /* Base */,
			);
			name = Main.storyboard;
			sourceTree = "<group>";
		};
/* End PBXVariantGroup section */

/* Begin XCBuildConfiguration section */
		80D8F0861D2377A2008EA83B /* Debug */ = {
			isa = XCBuildConfiguration;
			buildSettings = {
				ALWAYS_SEARCH_USER_PATHS = NO;
				CLANG_ANALYZER_NONNULL = YES;
				CLANG_CXX_LANGUAGE_STANDARD = "gnu++0x";
				CLANG_CXX_LIBRARY = "libc++";
				CLANG_ENABLE_MODULES = YES;
				CLANG_ENABLE_OBJC_ARC = YES;
				CLANG_WARN_BOOL_CONVERSION = YES;
				CLANG_WARN_CONSTANT_CONVERSION = YES;
				CLANG_WARN_DIRECT_OBJC_ISA_USAGE = YES_ERROR;
				CLANG_WARN_EMPTY_BODY = YES;
				CLANG_WARN_ENUM_CONVERSION = YES;
				CLANG_WARN_INT_CONVERSION = YES;
				CLANG_WARN_OBJC_ROOT_CLASS = YES_ERROR;
				CLANG_WARN_UNREACHABLE_CODE = YES;
				CLANG_WARN__DUPLICATE_METHOD_MATCH = YES;
				CODE_SIGN_IDENTITY = "-";
				COPY_PHASE_STRIP = NO;
				DEBUG_INFORMATION_FORMAT = dwarf;
				ENABLE_STRICT_OBJC_MSGSEND = YES;
				ENABLE_TESTABILITY = YES;
				GCC_C_LANGUAGE_STANDARD = gnu99;
				GCC_DYNAMIC_NO_PIC = NO;
				GCC_NO_COMMON_BLOCKS = YES;
				GCC_OPTIMIZATION_LEVEL = 0;
				GCC_PREPROCESSOR_DEFINITIONS = (
					"DEBUG=1",
					"$(inherited)",
				);
				GCC_WARN_64_TO_32_BIT_CONVERSION = YES;
				GCC_WARN_ABOUT_RETURN_TYPE = YES_ERROR;
				GCC_WARN_UNDECLARED_SELECTOR = YES;
				GCC_WARN_UNINITIALIZED_AUTOS = YES_AGGRESSIVE;
				GCC_WARN_UNUSED_FUNCTION = YES;
				GCC_WARN_UNUSED_VARIABLE = YES;
				MACOSX_DEPLOYMENT_TARGET = 10.11;
				MTL_ENABLE_DEBUG_INFO = YES;
				ONLY_ACTIVE_ARCH = YES;
				SDKROOT = macosx;
			};
			name = Debug;
		};
		80D8F0871D2377A2008EA83B /* Release */ = {
			isa = XCBuildConfiguration;
			buildSettings = {
				ALWAYS_SEARCH_USER_PATHS = NO;
				CLANG_ANALYZER_NONNULL = YES;
				CLANG_CXX_LANGUAGE_STANDARD = "gnu++0x";
				CLANG_CXX_LIBRARY = "libc++";
				CLANG_ENABLE_MODULES = YES;
				CLANG_ENABLE_OBJC_ARC = YES;
				CLANG_WARN_BOOL_CONVERSION = YES;
				CLANG_WARN_CONSTANT_CONVERSION = YES;
				CLANG_WARN_DIRECT_OBJC_ISA_USAGE = YES_ERROR;
				CLANG_WARN_EMPTY_BODY = YES;
				CLANG_WARN_ENUM_CONVERSION = YES;
				CLANG_WARN_INT_CONVERSION = YES;
				CLANG_WARN_OBJC_ROOT_CLASS = YES_ERROR;
				CLANG_WARN_UNREACHABLE_CODE = YES;
				CLANG_WARN__DUPLICATE_METHOD_MATCH = YES;
				CODE_SIGN_IDENTITY = "-";
				COPY_PHASE_STRIP = NO;
				DEBUG_INFORMATION_FORMAT = "dwarf-with-dsym";
				ENABLE_NS_ASSERTIONS = NO;
				ENABLE_STRICT_OBJC_MSGSEND = YES;
				GCC_C_LANGUAGE_STANDARD = gnu99;
				GCC_NO_COMMON_BLOCKS = YES;
				GCC_WARN_64_TO_32_BIT_CONVERSION = YES;
				GCC_WARN_ABOUT_RETURN_TYPE = YES_ERROR;
				GCC_WARN_UNDECLARED_SELECTOR = YES;
				GCC_WARN_UNINITIALIZED_AUTOS = YES_AGGRESSIVE;
				GCC_WARN_UNUSED_FUNCTION = YES;
				GCC_WARN_UNUSED_VARIABLE = YES;
				MACOSX_DEPLOYMENT_TARGET = 10.11;
				MTL_ENABLE_DEBUG_INFO = NO;
				SDKROOT = macosx;
			};
			name = Release;
		};
		80D8F0891D2377A2008EA83B /* Debug */ = {
			isa = XCBuildConfiguration;
			buildSettings = {
				ASSETCATALOG_COMPILER_APPICON_NAME = AppIcon;
				COMBINE_HIDPI_IMAGES = YES;
				INFOPLIST_FILE = GCDAsyncSocketDemo/Info.plist;
				LD_RUNPATH_SEARCH_PATHS = "$(inherited) @executable_path/../Frameworks";
				PRODUCT_BUNDLE_IDENTIFIER = com.chan.GCDAsyncSocketDemo;
				PRODUCT_NAME = "$(TARGET_NAME)";
			};
			name = Debug;
		};
		80D8F08A1D2377A2008EA83B /* Release */ = {
			isa = XCBuildConfiguration;
			buildSettings = {
				ASSETCATALOG_COMPILER_APPICON_NAME = AppIcon;
				COMBINE_HIDPI_IMAGES = YES;
				INFOPLIST_FILE = GCDAsyncSocketDemo/Info.plist;
				LD_RUNPATH_SEARCH_PATHS = "$(inherited) @executable_path/../Frameworks";
				PRODUCT_BUNDLE_IDENTIFIER = com.chan.GCDAsyncSocketDemo;
				PRODUCT_NAME = "$(TARGET_NAME)";
			};
			name = Release;
		};
/* End XCBuildConfiguration section */

/* Begin XCConfigurationList section */
		80D8F06F1D2377A2008EA83B /* Build configuration list for PBXProject "GCDAsyncSocketDemo" */ = {
			isa = XCConfigurationList;
			buildConfigurations = (
				80D8F0861D2377A2008EA83B /* Debug */,
				80D8F0871D2377A2008EA83B /* Release */,
			);
			defaultConfigurationIsVisible = 0;
			defaultConfigurationName = Release;
		};
		80D8F0881D2377A2008EA83B /* Build configuration list for PBXNativeTarget "GCDAsyncSocketDemo" */ = {
			isa = XCConfigurationList;
			buildConfigurations = (
				80D8F0891D2377A2008EA83B /* Debug */,
				80D8F08A1D2377A2008EA83B /* Release */,
			);
			defaultConfigurationIsVisible = 0;
		};
/* End XCConfigurationList section */
	};
	rootObject = 80D8F06C1D2377A2008EA83B /* Project object */;
}
