// !$*UTF8*$!
{
	archiveVersion = 1;
	classes = {
	};
	objectVersion = 46;
	objects = {

/* Begin PBXBuildFile section */
		8021A6301DD5C36B00A5712F /* main.m in Sources */ = {isa = PBXBuildFile; fileRef = 8021A62F1DD5C36B00A5712F /* main.m */; };
		8021A6331DD5C36B00A5712F /* AppDelegate.m in Sources */ = {isa = PBXBuildFile; fileRef = 8021A6321DD5C36B00A5712F /* AppDelegate.m */; };
		8021A6361DD5C36B00A5712F /* ViewController.m in Sources */ = {isa = PBXBuildFile; fileRef = 8021A6351DD5C36B00A5712F /* ViewController.m */; };
		8021A6391DD5C36B00A5712F /* Main.storyboard in Resources */ = {isa = PBXBuildFile; fileRef = 8021A6371DD5C36B00A5712F /* Main.storyboard */; };
		8021A63B1DD5C36B00A5712F /* Assets.xcassets in Resources */ = {isa = PBXBuildFile; fileRef = 8021A63A1DD5C36B00A5712F /* Assets.xcassets */; };
		8021A63E1DD5C36B00A5712F /* LaunchScreen.storyboard in Resources */ = {isa = PBXBuildFile; fileRef = 8021A63C1DD5C36B00A5712F /* LaunchScreen.storyboard */; };
		8021A6471DD5C39900A5712F /* JCAsyncURLRequest.m in Sources */ = {isa = PBXBuildFile; fileRef = 8021A6461DD5C39900A5712F /* JCAsyncURLRequest.m */; };
/* End PBXBuildFile section */

/* Begin PBXFileReference section */
		8021A62B1DD5C36B00A5712F /* JCAsyncURLRequest.app */ = {isa = PBXFileReference; explicitFileType = wrapper.application; includeInIndex = 0; path = JCAsyncURLRequest.app; sourceTree = BUILT_PRODUCTS_DIR; };
		8021A62F1DD5C36B00A5712F /* main.m */ = {isa = PBXFileReference; lastKnownFileType = sourcecode.c.objc; path = main.m; sourceTree = "<group>"; };
		8021A6311DD5C36B00A5712F /* AppDelegate.h */ = {isa = PBXFileReference; lastKnownFileType = sourcecode.c.h; path = AppDelegate.h; sourceTree = "<group>"; };
		8021A6321DD5C36B00A5712F /* AppDelegate.m */ = {isa = PBXFileReference; lastKnownFileType = sourcecode.c.objc; path = AppDelegate.m; sourceTree = "<group>"; };
		8021A6341DD5C36B00A5712F /* ViewController.h */ = {isa = PBXFileReference; lastKnownFileType = sourcecode.c.h; path = ViewController.h; sourceTree = "<group>"; };
		8021A6351DD5C36B00A5712F /* ViewController.m */ = {isa = PBXFileReference; lastKnownFileType = sourcecode.c.objc; path = ViewController.m; sourceTree = "<group>"; };
		8021A6381DD5C36B00A5712F /* Base */ = {isa = PBXFileReference; lastKnownFileType = file.storyboard; name = Base; path = Base.lproj/Main.storyboard; sourceTree = "<group>"; };
		8021A63A1DD5C36B00A5712F /* Assets.xcassets */ = {isa = PBXFileReference; lastKnownFileType = folder.assetcatalog; path = Assets.xcassets; sourceTree = "<group>"; };
		8021A63D1DD5C36B00A5712F /* Base */ = {isa = PBXFileReference; lastKnownFileType = file.storyboard; name = Base; path = Base.lproj/LaunchScreen.storyboard; sourceTree = "<group>"; };
		8021A63F1DD5C36B00A5712F /* Info.plist */ = {isa = PBXFileReference; lastKnownFileType = text.plist.xml; path = Info.plist; sourceTree = "<group>"; };
		8021A6451DD5C39900A5712F /* JCAsyncURLRequest.h */ = {isa = PBXFileReference; fileEncoding = 4; lastKnownFileType = sourcecode.c.h; path = JCAsyncURLRequest.h; sourceTree = "<group>"; };
		8021A6461DD5C39900A5712F /* JCAsyncURLRequest.m */ = {isa = PBXFileReference; fileEncoding = 4; lastKnownFileType = sourcecode.c.objc; path = JCAsyncURLRequest.m; sourceTree = "<group>"; };
/* End PBXFileReference section */

/* Begin PBXFrameworksBuildPhase section */
		8021A6281DD5C36B00A5712F /* Frameworks */ = {
			isa = PBXFrameworksBuildPhase;
			buildActionMask = 2147483647;
			files = (
			);
			runOnlyForDeploymentPostprocessing = 0;
		};
/* End PBXFrameworksBuildPhase section */

/* Begin PBXGroup section */
		8021A6221DD5C36B00A5712F = {
			isa = PBXGroup;
			children = (
				8021A62D1DD5C36B00A5712F /* JCAsyncURLRequest */,
				8021A62C1DD5C36B00A5712F /* Products */,
			);
			sourceTree = "<group>";
		};
		8021A62C1DD5C36B00A5712F /* Products */ = {
			isa = PBXGroup;
			children = (
				8021A62B1DD5C36B00A5712F /* JCAsyncURLRequest.app */,
			);
			name = Products;
			sourceTree = "<group>";
		};
		8021A62D1DD5C36B00A5712F /* JCAsyncURLRequest */ = {
			isa = PBXGroup;
			children = (
				8021A6311DD5C36B00A5712F /* AppDelegate.h */,
				8021A6321DD5C36B00A5712F /* AppDelegate.m */,
				8021A6341DD5C36B00A5712F /* ViewController.h */,
				8021A6351DD5C36B00A5712F /* ViewController.m */,
				8021A6371DD5C36B00A5712F /* Main.storyboard */,
				8021A63A1DD5C36B00A5712F /* Assets.xcassets */,
				8021A63C1DD5C36B00A5712F /* LaunchScreen.storyboard */,
				8021A63F1DD5C36B00A5712F /* Info.plist */,
				8021A62E1DD5C36B00A5712F /* Supporting Files */,
				8021A6451DD5C39900A5712F /* JCAsyncURLRequest.h */,
				8021A6461DD5C39900A5712F /* JCAsyncURLRequest.m */,
			);
			path = JCAsyncURLRequest;
			sourceTree = "<group>";
		};
		8021A62E1DD5C36B00A5712F /* Supporting Files */ = {
			isa = PBXGroup;
			children = (
				8021A62F1DD5C36B00A5712F /* main.m */,
			);
			name = "Supporting Files";
			sourceTree = "<group>";
		};
/* End PBXGroup section */

/* Begin PBXNativeTarget section */
		8021A62A1DD5C36B00A5712F /* JCAsyncURLRequest */ = {
			isa = PBXNativeTarget;
			buildConfigurationList = 8021A6421DD5C36B00A5712F /* Build configuration list for PBXNativeTarget "JCAsyncURLRequest" */;
			buildPhases = (
				8021A6271DD5C36B00A5712F /* Sources */,
				8021A6281DD5C36B00A5712F /* Frameworks */,
				8021A6291DD5C36B00A5712F /* Resources */,
			);
			buildRules = (
			);
			dependencies = (
			);
			name = JCAsyncURLRequest;
			productName = JCAsyncURLRequest;
			productReference = 8021A62B1DD5C36B00A5712F /* JCAsyncURLRequest.app */;
			productType = "com.apple.product-type.application";
		};
/* End PBXNativeTarget section */

/* Begin PBXProject section */
		8021A6231DD5C36B00A5712F /* Project object */ = {
			isa = PBXProject;
			attributes = {
				LastUpgradeCheck = 0800;
				ORGANIZATIONNAME = CXY;
				TargetAttributes = {
					8021A62A1DD5C36B00A5712F = {
						CreatedOnToolsVersion = 8.0;
						ProvisioningStyle = Automatic;
					};
				};
			};
			buildConfigurationList = 8021A6261DD5C36B00A5712F /* Build configuration list for PBXProject "JCAsyncURLRequest" */;
			compatibilityVersion = "Xcode 3.2";
			developmentRegion = English;
			hasScannedForEncodings = 0;
			knownRegions = (
				en,
				Base,
			);
			mainGroup = 8021A6221DD5C36B00A5712F;
			productRefGroup = 8021A62C1DD5C36B00A5712F /* Products */;
			projectDirPath = "";
			projectRoot = "";
			targets = (
				8021A62A1DD5C36B00A5712F /* JCAsyncURLRequest */,
			);
		};
/* End PBXProject section */

/* Begin PBXResourcesBuildPhase section */
		8021A6291DD5C36B00A5712F /* Resources */ = {
			isa = PBXResourcesBuildPhase;
			buildActionMask = 2147483647;
			files = (
				8021A63E1DD5C36B00A5712F /* LaunchScreen.storyboard in Resources */,
				8021A63B1DD5C36B00A5712F /* Assets.xcassets in Resources */,
				8021A6391DD5C36B00A5712F /* Main.storyboard in Resources */,
			);
			runOnlyForDeploymentPostprocessing = 0;
		};
/* End PBXResourcesBuildPhase section */

/* Begin PBXSourcesBuildPhase section */
		8021A6271DD5C36B00A5712F /* Sources */ = {
			isa = PBXSourcesBuildPhase;
			buildActionMask = 2147483647;
			files = (
				8021A6361DD5C36B00A5712F /* ViewController.m in Sources */,
				8021A6471DD5C39900A5712F /* JCAsyncURLRequest.m in Sources */,
				8021A6331DD5C36B00A5712F /* AppDelegate.m in Sources */,
				8021A6301DD5C36B00A5712F /* main.m in Sources */,
			);
			runOnlyForDeploymentPostprocessing = 0;
		};
/* End PBXSourcesBuildPhase section */

/* Begin PBXVariantGroup section */
		8021A6371DD5C36B00A5712F /* Main.storyboard */ = {
			isa = PBXVariantGroup;
			children = (
				8021A6381DD5C36B00A5712F /* Base */,
			);
			name = Main.storyboard;
			sourceTree = "<group>";
		};
		8021A63C1DD5C36B00A5712F /* LaunchScreen.storyboard */ = {
			isa = PBXVariantGroup;
			children = (
				8021A63D1DD5C36B00A5712F /* Base */,
			);
			name = LaunchScreen.storyboard;
			sourceTree = "<group>";
		};
/* End PBXVariantGroup section */

/* Begin XCBuildConfiguration section */
		8021A6401DD5C36B00A5712F /* Debug */ = {
			isa = XCBuildConfiguration;
			buildSettings = {
				ALWAYS_SEARCH_USER_PATHS = NO;
				CLANG_ANALYZER_NONNULL = YES;
				CLANG_CXX_LANGUAGE_STANDARD = "gnu++0x";
				CLANG_CXX_LIBRARY = "libc++";
				CLANG_ENABLE_MODULES = YES;
				CLANG_ENABLE_OBJC_ARC = YES;
				CLANG_WARN_BOOL_CONVERSION = YES;
				CLANG_WARN_CONSTANT_CONVERSION = YES;
				CLANG_WARN_DIRECT_OBJC_ISA_USAGE = YES_ERROR;
				CLANG_WARN_DOCUMENTATION_COMMENTS = YES;
				CLANG_WARN_EMPTY_BODY = YES;
				CLANG_WARN_ENUM_CONVERSION = YES;
				CLANG_WARN_INFINITE_RECURSION = YES;
				CLANG_WARN_INT_CONVERSION = YES;
				CLANG_WARN_OBJC_ROOT_CLASS = YES_ERROR;
				CLANG_WARN_SUSPICIOUS_MOVES = YES;
				CLANG_WARN_UNREACHABLE_CODE = YES;
				CLANG_WARN__DUPLICATE_METHOD_MATCH = YES;
				"CODE_SIGN_IDENTITY[sdk=iphoneos*]" = "iPhone Developer";
				COPY_PHASE_STRIP = NO;
				DEBUG_INFORMATION_FORMAT = dwarf;
				ENABLE_STRICT_OBJC_MSGSEND = YES;
				ENABLE_TESTABILITY = YES;
				GCC_C_LANGUAGE_STANDARD = gnu99;
				GCC_DYNAMIC_NO_PIC = NO;
				GCC_NO_COMMON_BLOCKS = YES;
				GCC_OPTIMIZATION_LEVEL = 0;
				GCC_PREPROCESSOR_DEFINITIONS = (
					"DEBUG=1",
					"$(inherited)",
				);
				GCC_WARN_64_TO_32_BIT_CONVERSION = YES;
				GCC_WARN_ABOUT_RETURN_TYPE = YES_ERROR;
				GCC_WARN_UNDECLARED_SELECTOR = YES;
				GCC_WARN_UNINITIALIZED_AUTOS = YES_AGGRESSIVE;
				GCC_WARN_UNUSED_FUNCTION = YES;
				GCC_WARN_UNUSED_VARIABLE = YES;
				IPHONEOS_DEPLOYMENT_TARGET = 10.0;
				MTL_ENABLE_DEBUG_INFO = YES;
				ONLY_ACTIVE_ARCH = YES;
				SDKROOT = iphoneos;
			};
			name = Debug;
		};
		8021A6411DD5C36B00A5712F /* Release */ = {
			isa = XCBuildConfiguration;
			buildSettings = {
				ALWAYS_SEARCH_USER_PATHS = NO;
				CLANG_ANALYZER_NONNULL = YES;
				CLANG_CXX_LANGUAGE_STANDARD = "gnu++0x";
				CLANG_CXX_LIBRARY = "libc++";
				CLANG_ENABLE_MODULES = YES;
				CLANG_ENABLE_OBJC_ARC = YES;
				CLANG_WARN_BOOL_CONVERSION = YES;
				CLANG_WARN_CONSTANT_CONVERSION = YES;
				CLANG_WARN_DIRECT_OBJC_ISA_USAGE = YES_ERROR;
				CLANG_WARN_DOCUMENTATION_COMMENTS = YES;
				CLANG_WARN_EMPTY_BODY = YES;
				CLANG_WARN_ENUM_CONVERSION = YES;
				CLANG_WARN_INFINITE_RECURSION = YES;
				CLANG_WARN_INT_CONVERSION = YES;
				CLANG_WARN_OBJC_ROOT_CLASS = YES_ERROR;
				CLANG_WARN_SUSPICIOUS_MOVES = YES;
				CLANG_WARN_UNREACHABLE_CODE = YES;
				CLANG_WARN__DUPLICATE_METHOD_MATCH = YES;
				"CODE_SIGN_IDENTITY[sdk=iphoneos*]" = "iPhone Developer";
				COPY_PHASE_STRIP = NO;
				DEBUG_INFORMATION_FORMAT = "dwarf-with-dsym";
				ENABLE_NS_ASSERTIONS = NO;
				ENABLE_STRICT_OBJC_MSGSEND = YES;
				GCC_C_LANGUAGE_STANDARD = gnu99;
				GCC_NO_COMMON_BLOCKS = YES;
				GCC_WARN_64_TO_32_BIT_CONVERSION = YES;
				GCC_WARN_ABOUT_RETURN_TYPE = YES_ERROR;
				GCC_WARN_UNDECLARED_SELECTOR = YES;
				GCC_WARN_UNINITIALIZED_AUTOS = YES_AGGRESSIVE;
				GCC_WARN_UNUSED_FUNCTION = YES;
				GCC_WARN_UNUSED_VARIABLE = YES;
				IPHONEOS_DEPLOYMENT_TARGET = 10.0;
				MTL_ENABLE_DEBUG_INFO = NO;
				SDKROOT = iphoneos;
				VALIDATE_PRODUCT = YES;
			};
			name = Release;
		};
		8021A6431DD5C36B00A5712F /* Debug */ = {
			isa = XCBuildConfiguration;
			buildSettings = {
				ASSETCATALOG_COMPILER_APPICON_NAME = AppIcon;
				INFOPLIST_FILE = JCAsyncURLRequest/Info.plist;
				LD_RUNPATH_SEARCH_PATHS = "$(inherited) @executable_path/Frameworks";
				PRODUCT_BUNDLE_IDENTIFIER = com.cxy.JCAsyncURLRequest;
				PRODUCT_NAME = "$(TARGET_NAME)";
			};
			name = Debug;
		};
		8021A6441DD5C36B00A5712F /* Release */ = {
			isa = XCBuildConfiguration;
			buildSettings = {
				ASSETCATALOG_COMPILER_APPICON_NAME = AppIcon;
				INFOPLIST_FILE = JCAsyncURLRequest/Info.plist;
				LD_RUNPATH_SEARCH_PATHS = "$(inherited) @executable_path/Frameworks";
				PRODUCT_BUNDLE_IDENTIFIER = com.cxy.JCAsyncURLRequest;
				PRODUCT_NAME = "$(TARGET_NAME)";
			};
			name = Release;
		};
/* End XCBuildConfiguration section */

/* Begin XCConfigurationList section */
		8021A6261DD5C36B00A5712F /* Build configuration list for PBXProject "JCAsyncURLRequest" */ = {
			isa = XCConfigurationList;
			buildConfigurations = (
				8021A6401DD5C36B00A5712F /* Debug */,
				8021A6411DD5C36B00A5712F /* Release */,
			);
			defaultConfigurationIsVisible = 0;
			defaultConfigurationName = Release;
		};
		8021A6421DD5C36B00A5712F /* Build configuration list for PBXNativeTarget "JCAsyncURLRequest" */ = {
			isa = XCConfigurationList;
			buildConfigurations = (
				8021A6431DD5C36B00A5712F /* Debug */,
				8021A6441DD5C36B00A5712F /* Release */,
			);
			defaultConfigurationIsVisible = 0;
		};
/* End XCConfigurationList section */
	};
	rootObject = 8021A6231DD5C36B00A5712F /* Project object */;
}
